
Microsoft Visual Studio Solution File, Format Version 12.00
# Visual Studio 15
VisualStudioVersion = 15.0.28010.2036
MinimumVisualStudioVersion = 10.0.40219.1
Project("{FAE04EC0-301F-11D3-BF4B-00C04F79EFBC}") = "Movly", "Movly\Movly.csproj", "{C71CEF38-7641-4B23-9B80-1CBEBA1F740B}"
EndProject
Global
	GlobalSection(SolutionConfigurationPlatforms) = preSolution
		Debug|Any CPU = Debug|Any CPU
		Release|Any CPU = Release|Any CPU
	EndGlobalSection
	GlobalSection(ProjectConfigurationPlatforms) = postSolution
		{C71CEF38-7641-4B23-9B80-1CBEBA1F740B}.Debug|Any CPU.ActiveCfg = Debug|Any CPU
		{C71CEF38-7641-4B23-9B80-1CBEBA1F740B}.Debug|Any CPU.Build.0 = Debug|Any CPU
		{C71CEF38-7641-4B23-9B80-1CBEBA1F740B}.Release|Any CPU.ActiveCfg = Release|Any CPU
		{C71CEF38-7641-4B23-9B80-1CBEBA1F740B}.Release|Any CPU.Build.0 = Release|Any CPU
	EndGlobalSection
	GlobalSection(SolutionProperties) = preSolution
		HideSolutionNode = FALSE
	EndGlobalSection
	GlobalSection(ExtensibilityGlobals) = postSolution
		SolutionGuid = {8EF59769-E51F-4275-988F-4DDD70E9656C}
	EndGlobalSection
EndGlobal
